// !$*UTF8*$!
{
	archiveVersion = 1;
	classes = {
	};
	objectVersion = 46;
	objects = {

/* Begin PBXBuildFile section */
		107386EA16F9022D005AD481 /* InventoryCommand.m in Sources */ = {isa = PBXBuildFile; fileRef = 107386E916F9022D005AD481 /* InventoryCommand.m */; };
		819122DF16E95A0000BEDA1B /* Command.m in Sources */ = {isa = PBXBuildFile; fileRef = 819122CD16E95A0000BEDA1B /* Command.m */; };
		819122E016E95A0000BEDA1B /* CommandWords.m in Sources */ = {isa = PBXBuildFile; fileRef = 819122CF16E95A0000BEDA1B /* CommandWords.m */; };
		819122E116E95A0000BEDA1B /* Game.m in Sources */ = {isa = PBXBuildFile; fileRef = 819122D116E95A0000BEDA1B /* Game.m */; };
		819122E216E95A0000BEDA1B /* GoCommand.m in Sources */ = {isa = PBXBuildFile; fileRef = 819122D316E95A0000BEDA1B /* GoCommand.m */; };
		819122E316E95A0000BEDA1B /* HelpCommand.m in Sources */ = {isa = PBXBuildFile; fileRef = 819122D516E95A0000BEDA1B /* HelpCommand.m */; };
		819122E416E95A0000BEDA1B /* Parser.m in Sources */ = {isa = PBXBuildFile; fileRef = 819122D816E95A0000BEDA1B /* Parser.m */; };
		819122E516E95A0000BEDA1B /* Player.m in Sources */ = {isa = PBXBuildFile; fileRef = 819122DA16E95A0000BEDA1B /* Player.m */; };
		819122E616E95A0000BEDA1B /* QuitCommand.m in Sources */ = {isa = PBXBuildFile; fileRef = 819122DC16E95A0000BEDA1B /* QuitCommand.m */; };
		819122E716E95A0000BEDA1B /* Room.m in Sources */ = {isa = PBXBuildFile; fileRef = 819122DE16E95A0000BEDA1B /* Room.m */; };
		8197B18916E8DF80007F8845 /* GameIO.m in Sources */ = {isa = PBXBuildFile; fileRef = 8197B18816E8DF80007F8845 /* GameIO.m */; };
		81AF891116E6AAC400276C6B /* Cocoa.framework in Frameworks */ = {isa = PBXBuildFile; fileRef = 81AF891016E6AAC400276C6B /* Cocoa.framework */; };
		81AF891B16E6AAC400276C6B /* InfoPlist.strings in Resources */ = {isa = PBXBuildFile; fileRef = 81AF891916E6AAC400276C6B /* InfoPlist.strings */; };
		81AF891D16E6AAC400276C6B /* main.m in Sources */ = {isa = PBXBuildFile; fileRef = 81AF891C16E6AAC400276C6B /* main.m */; };
		81AF892116E6AAC400276C6B /* Credits.rtf in Resources */ = {isa = PBXBuildFile; fileRef = 81AF891F16E6AAC400276C6B /* Credits.rtf */; };
		81AF892416E6AAC400276C6B /* AppDelegate.m in Sources */ = {isa = PBXBuildFile; fileRef = 81AF892316E6AAC400276C6B /* AppDelegate.m */; };
		81AF892716E6AAC500276C6B /* MainMenu.xib in Resources */ = {isa = PBXBuildFile; fileRef = 81AF892516E6AAC500276C6B /* MainMenu.xib */; };
		DF66EA5E170B6DE900E51C0F /* cave.mp3 in Resources */ = {isa = PBXBuildFile; fileRef = DF66EA5D170B6DE900E51C0F /* cave.mp3 */; };
		DF66EA60170B6F5200E51C0F /* locked.mp3 in Resources */ = {isa = PBXBuildFile; fileRef = DF66EA5F170B6F5200E51C0F /* locked.mp3 */; };
		DF66EA62170B711D00E51C0F /* chop.mp3 in Resources */ = {isa = PBXBuildFile; fileRef = DF66EA61170B711D00E51C0F /* chop.mp3 */; };
		DF66EA64170B764B00E51C0F /* backpack.mp3 in Resources */ = {isa = PBXBuildFile; fileRef = DF66EA63170B764B00E51C0F /* backpack.mp3 */; };
		DF66EA66170B791600E51C0F /* backpack2.mp3 in Resources */ = {isa = PBXBuildFile; fileRef = DF66EA65170B791600E51C0F /* backpack2.mp3 */; };
		DF66EA68170B7BF900E51C0F /* drop1.mp3 in Resources */ = {isa = PBXBuildFile; fileRef = DF66EA67170B7BF900E51C0F /* drop1.mp3 */; };
		DF66EA6A170B7CD000E51C0F /* drop2.mp3 in Resources */ = {isa = PBXBuildFile; fileRef = DF66EA69170B7CD000E51C0F /* drop2.mp3 */; };
		DF66EA6C170B7FE400E51C0F /* icon_128x128.png in Resources */ = {isa = PBXBuildFile; fileRef = DF66EA6B170B7FE300E51C0F /* icon_128x128.png */; };
		DF66EA6E170B80E700E51C0F /* cthulhu.iconset in Resources */ = {isa = PBXBuildFile; fileRef = DF66EA6D170B80E700E51C0F /* cthulhu.iconset */; };
		DF70A6371704E2BA0036EFD6 /* return.iconset in Resources */ = {isa = PBXBuildFile; fileRef = DF70A6361704E2BA0036EFD6 /* return.iconset */; };
		DF70A64117063E7D0036EFD6 /* dark.mp3 in Resources */ = {isa = PBXBuildFile; fileRef = DF70A64017063E7D0036EFD6 /* dark.mp3 */; };
		DFA337AF16F534B100666817 /* DropCommand.m in Sources */ = {isa = PBXBuildFile; fileRef = DFA337AE16F534B100666817 /* DropCommand.m */; };
		DFDA7AB116F4CB7E00A03E30 /* SleepCommand.m in Sources */ = {isa = PBXBuildFile; fileRef = DFDA7AB016F4CB7E00A03E30 /* SleepCommand.m */; };
		DFDCA0CC16FA20D200A00272 /* XyzzyCommand.m in Sources */ = {isa = PBXBuildFile; fileRef = DFDCA0CB16FA20D200A00272 /* XyzzyCommand.m */; };
		DFDCA0CF16FA215900A00272 /* BackCommand.m in Sources */ = {isa = PBXBuildFile; fileRef = DFDCA0CE16FA215900A00272 /* BackCommand.m */; };
		DFE23E711709ED1C000B5017 /* SoundServer.m in Sources */ = {isa = PBXBuildFile; fileRef = DFE23E701709ED1C000B5017 /* SoundServer.m */; };
		DFE23E741709FAEC000B5017 /* creak.mp3 in Resources */ = {isa = PBXBuildFile; fileRef = DFE23E731709FAEC000B5017 /* creak.mp3 */; };
		DFE23E761709FAF2000B5017 /* wind.mp3 in Resources */ = {isa = PBXBuildFile; fileRef = DFE23E751709FAF2000B5017 /* wind.mp3 */; };
		DFE23E78170A050A000B5017 /* match.mp3 in Resources */ = {isa = PBXBuildFile; fileRef = DFE23E77170A050A000B5017 /* match.mp3 */; };
		DFE23E7A170A05AD000B5017 /* keys.mp3 in Resources */ = {isa = PBXBuildFile; fileRef = DFE23E79170A05AD000B5017 /* keys.mp3 */; };
		DFE23E7C170A1377000B5017 /* unlock.mp3 in Resources */ = {isa = PBXBuildFile; fileRef = DFE23E7B170A1377000B5017 /* unlock.mp3 */; };
		DFE23E7E170A1C32000B5017 /* coal.mp3 in Resources */ = {isa = PBXBuildFile; fileRef = DFE23E7D170A1C32000B5017 /* coal.mp3 */; };
		DFFF69401701031200062936 /* 5GrungePaperBackground_banner_thumb02.jpg in Resources */ = {isa = PBXBuildFile; fileRef = DFFF693F1701031200062936 /* 5GrungePaperBackground_banner_thumb02.jpg */; };
		E7C0303F16F1397B00BA85F0 /* UseCommand.m in Sources */ = {isa = PBXBuildFile; fileRef = E7C0303E16F1397A00BA85F0 /* UseCommand.m */; };
		E7C7CD6E16F0DAD700CB9292 /* Item.m in Sources */ = {isa = PBXBuildFile; fileRef = E7C7CD6C16F0DAD700CB9292 /* Item.m */; };
		E7C7CD7216F0DDB700CB9292 /* LookCommand.m in Sources */ = {isa = PBXBuildFile; fileRef = E7C7CD7116F0DDB700CB9292 /* LookCommand.m */; };
		E7C7CD7516F0EF2C00CB9292 /* TakeCommand.m in Sources */ = {isa = PBXBuildFile; fileRef = E7C7CD7416F0EF2C00CB9292 /* TakeCommand.m */; };
/* End PBXBuildFile section */

/* Begin PBXFileReference section */
		107386E816F9022D005AD481 /* InventoryCommand.h */ = {isa = PBXFileReference; fileEncoding = 4; lastKnownFileType = sourcecode.c.h; path = InventoryCommand.h; sourceTree = "<group>"; };
		107386E916F9022D005AD481 /* InventoryCommand.m */ = {isa = PBXFileReference; fileEncoding = 4; lastKnownFileType = sourcecode.c.objc; path = InventoryCommand.m; sourceTree = "<group>"; };
		819122CC16E95A0000BEDA1B /* Command.h */ = {isa = PBXFileReference; fileEncoding = 4; lastKnownFileType = sourcecode.c.h; path = Command.h; sourceTree = "<group>"; };
		819122CD16E95A0000BEDA1B /* Command.m */ = {isa = PBXFileReference; fileEncoding = 4; lastKnownFileType = sourcecode.c.objc; path = Command.m; sourceTree = "<group>"; };
		819122CE16E95A0000BEDA1B /* CommandWords.h */ = {isa = PBXFileReference; fileEncoding = 4; lastKnownFileType = sourcecode.c.h; path = CommandWords.h; sourceTree = "<group>"; };
		819122CF16E95A0000BEDA1B /* CommandWords.m */ = {isa = PBXFileReference; fileEncoding = 4; lastKnownFileType = sourcecode.c.objc; path = CommandWords.m; sourceTree = "<group>"; };
		819122D016E95A0000BEDA1B /* Game.h */ = {isa = PBXFileReference; fileEncoding = 4; lastKnownFileType = sourcecode.c.h; path = Game.h; sourceTree = "<group>"; };
		819122D116E95A0000BEDA1B /* Game.m */ = {isa = PBXFileReference; fileEncoding = 4; lastKnownFileType = sourcecode.c.objc; path = Game.m; sourceTree = "<group>"; };
		819122D216E95A0000BEDA1B /* GoCommand.h */ = {isa = PBXFileReference; fileEncoding = 4; lastKnownFileType = sourcecode.c.h; path = GoCommand.h; sourceTree = "<group>"; };
		819122D316E95A0000BEDA1B /* GoCommand.m */ = {isa = PBXFileReference; fileEncoding = 4; lastKnownFileType = sourcecode.c.objc; path = GoCommand.m; sourceTree = "<group>"; };
		819122D416E95A0000BEDA1B /* HelpCommand.h */ = {isa = PBXFileReference; fileEncoding = 4; lastKnownFileType = sourcecode.c.h; path = HelpCommand.h; sourceTree = "<group>"; };
		819122D516E95A0000BEDA1B /* HelpCommand.m */ = {isa = PBXFileReference; fileEncoding = 4; lastKnownFileType = sourcecode.c.objc; path = HelpCommand.m; sourceTree = "<group>"; };
		819122D716E95A0000BEDA1B /* Parser.h */ = {isa = PBXFileReference; fileEncoding = 4; lastKnownFileType = sourcecode.c.h; path = Parser.h; sourceTree = "<group>"; };
		819122D816E95A0000BEDA1B /* Parser.m */ = {isa = PBXFileReference; fileEncoding = 4; lastKnownFileType = sourcecode.c.objc; path = Parser.m; sourceTree = "<group>"; };
		819122D916E95A0000BEDA1B /* Player.h */ = {isa = PBXFileReference; fileEncoding = 4; lastKnownFileType = sourcecode.c.h; path = Player.h; sourceTree = "<group>"; };
		819122DA16E95A0000BEDA1B /* Player.m */ = {isa = PBXFileReference; fileEncoding = 4; lastKnownFileType = sourcecode.c.objc; path = Player.m; sourceTree = "<group>"; };
		819122DB16E95A0000BEDA1B /* QuitCommand.h */ = {isa = PBXFileReference; fileEncoding = 4; lastKnownFileType = sourcecode.c.h; path = QuitCommand.h; sourceTree = "<group>"; };
		819122DC16E95A0000BEDA1B /* QuitCommand.m */ = {isa = PBXFileReference; fileEncoding = 4; lastKnownFileType = sourcecode.c.objc; path = QuitCommand.m; sourceTree = "<group>"; };
		819122DD16E95A0000BEDA1B /* Room.h */ = {isa = PBXFileReference; fileEncoding = 4; lastKnownFileType = sourcecode.c.h; path = Room.h; sourceTree = "<group>"; };
		819122DE16E95A0000BEDA1B /* Room.m */ = {isa = PBXFileReference; fileEncoding = 4; lastKnownFileType = sourcecode.c.objc; path = Room.m; sourceTree = "<group>"; };
		8197B18716E8DF80007F8845 /* GameIO.h */ = {isa = PBXFileReference; fileEncoding = 4; lastKnownFileType = sourcecode.c.h; path = GameIO.h; sourceTree = "<group>"; };
		8197B18816E8DF80007F8845 /* GameIO.m */ = {isa = PBXFileReference; fileEncoding = 4; lastKnownFileType = sourcecode.c.objc; path = GameIO.m; sourceTree = "<group>"; };
		81AF890C16E6AAC400276C6B /* The Return.app */ = {isa = PBXFileReference; explicitFileType = wrapper.application; includeInIndex = 0; path = "The Return.app"; sourceTree = BUILT_PRODUCTS_DIR; };
		81AF891016E6AAC400276C6B /* Cocoa.framework */ = {isa = PBXFileReference; lastKnownFileType = wrapper.framework; name = Cocoa.framework; path = System/Library/Frameworks/Cocoa.framework; sourceTree = SDKROOT; };
		81AF891316E6AAC400276C6B /* AppKit.framework */ = {isa = PBXFileReference; lastKnownFileType = wrapper.framework; name = AppKit.framework; path = System/Library/Frameworks/AppKit.framework; sourceTree = SDKROOT; };
		81AF891416E6AAC400276C6B /* CoreData.framework */ = {isa = PBXFileReference; lastKnownFileType = wrapper.framework; name = CoreData.framework; path = System/Library/Frameworks/CoreData.framework; sourceTree = SDKROOT; };
		81AF891516E6AAC400276C6B /* Foundation.framework */ = {isa = PBXFileReference; lastKnownFileType = wrapper.framework; name = Foundation.framework; path = System/Library/Frameworks/Foundation.framework; sourceTree = SDKROOT; };
		81AF891816E6AAC400276C6B /* The Return-Info.plist */ = {isa = PBXFileReference; lastKnownFileType = text.plist.xml; path = "The Return-Info.plist"; sourceTree = "<group>"; };
		81AF891A16E6AAC400276C6B /* en */ = {isa = PBXFileReference; lastKnownFileType = text.plist.strings; name = en; path = en.lproj/InfoPlist.strings; sourceTree = "<group>"; };
		81AF891C16E6AAC400276C6B /* main.m */ = {isa = PBXFileReference; lastKnownFileType = sourcecode.c.objc; path = main.m; sourceTree = "<group>"; };
		81AF891E16E6AAC400276C6B /* The Return-Prefix.pch */ = {isa = PBXFileReference; lastKnownFileType = sourcecode.c.h; path = "The Return-Prefix.pch"; sourceTree = "<group>"; };
		81AF892016E6AAC400276C6B /* en */ = {isa = PBXFileReference; lastKnownFileType = text.rtf; name = en; path = en.lproj/Credits.rtf; sourceTree = "<group>"; };
		81AF892216E6AAC400276C6B /* AppDelegate.h */ = {isa = PBXFileReference; lastKnownFileType = sourcecode.c.h; path = AppDelegate.h; sourceTree = "<group>"; };
		81AF892316E6AAC400276C6B /* AppDelegate.m */ = {isa = PBXFileReference; lastKnownFileType = sourcecode.c.objc; path = AppDelegate.m; sourceTree = "<group>"; };
		81AF892616E6AAC500276C6B /* en */ = {isa = PBXFileReference; lastKnownFileType = file.xib; name = en; path = en.lproj/MainMenu.xib; sourceTree = "<group>"; };
		DF66EA5D170B6DE900E51C0F /* cave.mp3 */ = {isa = PBXFileReference; lastKnownFileType = audio.mp3; path = cave.mp3; sourceTree = "<group>"; };
		DF66EA5F170B6F5200E51C0F /* locked.mp3 */ = {isa = PBXFileReference; lastKnownFileType = audio.mp3; path = locked.mp3; sourceTree = "<group>"; };
		DF66EA61170B711D00E51C0F /* chop.mp3 */ = {isa = PBXFileReference; lastKnownFileType = audio.mp3; path = chop.mp3; sourceTree = "<group>"; };
		DF66EA63170B764B00E51C0F /* backpack.mp3 */ = {isa = PBXFileReference; lastKnownFileType = audio.mp3; path = backpack.mp3; sourceTree = "<group>"; };
		DF66EA65170B791600E51C0F /* backpack2.mp3 */ = {isa = PBXFileReference; lastKnownFileType = audio.mp3; path = backpack2.mp3; sourceTree = "<group>"; };
		DF66EA67170B7BF900E51C0F /* drop1.mp3 */ = {isa = PBXFileReference; lastKnownFileType = audio.mp3; path = drop1.mp3; sourceTree = "<group>"; };
		DF66EA69170B7CD000E51C0F /* drop2.mp3 */ = {isa = PBXFileReference; lastKnownFileType = audio.mp3; path = drop2.mp3; sourceTree = "<group>"; };
		DF66EA6B170B7FE300E51C0F /* icon_128x128.png */ = {isa = PBXFileReference; lastKnownFileType = image.png; path = icon_128x128.png; sourceTree = "<group>"; };
		DF66EA6D170B80E700E51C0F /* cthulhu.iconset */ = {isa = PBXFileReference; lastKnownFileType = folder.iconset; name = cthulhu.iconset; path = ../../sounds/cthulhu.iconset; sourceTree = "<group>"; };
		DF70A6361704E2BA0036EFD6 /* return.iconset */ = {isa = PBXFileReference; lastKnownFileType = folder.iconset; path = return.iconset; sourceTree = "<group>"; };
		DF70A6381704EB410036EFD6 /* The Return.entitlements */ = {isa = PBXFileReference; lastKnownFileType = text.xml; path = "The Return.entitlements"; sourceTree = "<group>"; };
		DF70A64017063E7D0036EFD6 /* dark.mp3 */ = {isa = PBXFileReference; lastKnownFileType = audio.mp3; path = dark.mp3; sourceTree = "<group>"; };
		DFA337AD16F534B100666817 /* DropCommand.h */ = {isa = PBXFileReference; fileEncoding = 4; lastKnownFileType = sourcecode.c.h; path = DropCommand.h; sourceTree = "<group>"; };
		DFA337AE16F534B100666817 /* DropCommand.m */ = {isa = PBXFileReference; fileEncoding = 4; lastKnownFileType = sourcecode.c.objc; path = DropCommand.m; sourceTree = "<group>"; };
		DFDA7AAF16F4CB7E00A03E30 /* SleepCommand.h */ = {isa = PBXFileReference; fileEncoding = 4; lastKnownFileType = sourcecode.c.h; path = SleepCommand.h; sourceTree = "<group>"; };
		DFDA7AB016F4CB7E00A03E30 /* SleepCommand.m */ = {isa = PBXFileReference; fileEncoding = 4; lastKnownFileType = sourcecode.c.objc; path = SleepCommand.m; sourceTree = "<group>"; };
		DFDCA0CA16FA20D200A00272 /* XyzzyCommand.h */ = {isa = PBXFileReference; fileEncoding = 4; lastKnownFileType = sourcecode.c.h; path = XyzzyCommand.h; sourceTree = "<group>"; };
		DFDCA0CB16FA20D200A00272 /* XyzzyCommand.m */ = {isa = PBXFileReference; fileEncoding = 4; lastKnownFileType = sourcecode.c.objc; path = XyzzyCommand.m; sourceTree = "<group>"; };
		DFDCA0CD16FA215900A00272 /* BackCommand.h */ = {isa = PBXFileReference; fileEncoding = 4; lastKnownFileType = sourcecode.c.h; path = BackCommand.h; sourceTree = "<group>"; };
		DFDCA0CE16FA215900A00272 /* BackCommand.m */ = {isa = PBXFileReference; fileEncoding = 4; lastKnownFileType = sourcecode.c.objc; path = BackCommand.m; sourceTree = "<group>"; };
		DFE23E6F1709ED1C000B5017 /* SoundServer.h */ = {isa = PBXFileReference; fileEncoding = 4; lastKnownFileType = sourcecode.c.h; path = SoundServer.h; sourceTree = "<group>"; };
		DFE23E701709ED1C000B5017 /* SoundServer.m */ = {isa = PBXFileReference; fileEncoding = 4; lastKnownFileType = sourcecode.c.objc; path = SoundServer.m; sourceTree = "<group>"; };
		DFE23E731709FAEC000B5017 /* creak.mp3 */ = {isa = PBXFileReference; lastKnownFileType = audio.mp3; path = creak.mp3; sourceTree = "<group>"; };
		DFE23E751709FAF2000B5017 /* wind.mp3 */ = {isa = PBXFileReference; lastKnownFileType = audio.mp3; path = wind.mp3; sourceTree = "<group>"; };
		DFE23E77170A050A000B5017 /* match.mp3 */ = {isa = PBXFileReference; lastKnownFileType = audio.mp3; path = match.mp3; sourceTree = "<group>"; };
		DFE23E79170A05AD000B5017 /* keys.mp3 */ = {isa = PBXFileReference; lastKnownFileType = audio.mp3; path = keys.mp3; sourceTree = "<group>"; };
		DFE23E7B170A1377000B5017 /* unlock.mp3 */ = {isa = PBXFileReference; lastKnownFileType = audio.mp3; path = unlock.mp3; sourceTree = "<group>"; };
		DFE23E7D170A1C32000B5017 /* coal.mp3 */ = {isa = PBXFileReference; lastKnownFileType = audio.mp3; path = coal.mp3; sourceTree = "<group>"; };
		DFFF693F1701031200062936 /* 5GrungePaperBackground_banner_thumb02.jpg */ = {isa = PBXFileReference; lastKnownFileType = image.jpeg; path = 5GrungePaperBackground_banner_thumb02.jpg; sourceTree = "<group>"; };
		E7C0303D16F1397A00BA85F0 /* UseCommand.h */ = {isa = PBXFileReference; fileEncoding = 4; lastKnownFileType = sourcecode.c.h; path = UseCommand.h; sourceTree = "<group>"; };
		E7C0303E16F1397A00BA85F0 /* UseCommand.m */ = {isa = PBXFileReference; fileEncoding = 4; lastKnownFileType = sourcecode.c.objc; path = UseCommand.m; sourceTree = "<group>"; };
		E7C7CD6B16F0DAD700CB9292 /* Item.h */ = {isa = PBXFileReference; fileEncoding = 4; lastKnownFileType = sourcecode.c.h; path = Item.h; sourceTree = "<group>"; };
		E7C7CD6C16F0DAD700CB9292 /* Item.m */ = {isa = PBXFileReference; fileEncoding = 4; lastKnownFileType = sourcecode.c.objc; path = Item.m; sourceTree = "<group>"; };
		E7C7CD7016F0DDB700CB9292 /* LookCommand.h */ = {isa = PBXFileReference; fileEncoding = 4; lastKnownFileType = sourcecode.c.h; path = LookCommand.h; sourceTree = "<group>"; };
		E7C7CD7116F0DDB700CB9292 /* LookCommand.m */ = {isa = PBXFileReference; fileEncoding = 4; lastKnownFileType = sourcecode.c.objc; path = LookCommand.m; sourceTree = "<group>"; };
		E7C7CD7316F0EF2C00CB9292 /* TakeCommand.h */ = {isa = PBXFileReference; fileEncoding = 4; lastKnownFileType = sourcecode.c.h; path = TakeCommand.h; sourceTree = "<group>"; };
		E7C7CD7416F0EF2C00CB9292 /* TakeCommand.m */ = {isa = PBXFileReference; fileEncoding = 4; lastKnownFileType = sourcecode.c.objc; path = TakeCommand.m; sourceTree = "<group>"; };
/* End PBXFileReference section */

/* Begin PBXFrameworksBuildPhase section */
		81AF890916E6AAC400276C6B /* Frameworks */ = {
			isa = PBXFrameworksBuildPhase;
			buildActionMask = 2147483647;
			files = (
				81AF891116E6AAC400276C6B /* Cocoa.framework in Frameworks */,
			);
			runOnlyForDeploymentPostprocessing = 0;
		};
/* End PBXFrameworksBuildPhase section */

/* Begin PBXGroup section */
		819122CA16E959A800BEDA1B /* GameClasses */ = {
			isa = PBXGroup;
			children = (
				819122E816EA20A900BEDA1B /* Commands */,
				819122D016E95A0000BEDA1B /* Game.h */,
				819122D116E95A0000BEDA1B /* Game.m */,
				8197B18716E8DF80007F8845 /* GameIO.h */,
				8197B18816E8DF80007F8845 /* GameIO.m */,
				E7C7CD6B16F0DAD700CB9292 /* Item.h */,
				E7C7CD6C16F0DAD700CB9292 /* Item.m */,
				819122D716E95A0000BEDA1B /* Parser.h */,
				819122D816E95A0000BEDA1B /* Parser.m */,
				819122D916E95A0000BEDA1B /* Player.h */,
				819122DA16E95A0000BEDA1B /* Player.m */,
				DFE23E6F1709ED1C000B5017 /* SoundServer.h */,
				DFE23E701709ED1C000B5017 /* SoundServer.m */,
				819122DD16E95A0000BEDA1B /* Room.h */,
				819122DE16E95A0000BEDA1B /* Room.m */,
			);
			name = GameClasses;
			path = StarterGame;
			sourceTree = "<group>";
		};
		819122E816EA20A900BEDA1B /* Commands */ = {
			isa = PBXGroup;
			children = (
				DFA337AD16F534B100666817 /* DropCommand.h */,
				DFA337AE16F534B100666817 /* DropCommand.m */,
				819122CC16E95A0000BEDA1B /* Command.h */,
				819122CD16E95A0000BEDA1B /* Command.m */,
				819122D216E95A0000BEDA1B /* GoCommand.h */,
				819122D316E95A0000BEDA1B /* GoCommand.m */,
				819122DB16E95A0000BEDA1B /* QuitCommand.h */,
				819122DC16E95A0000BEDA1B /* QuitCommand.m */,
				819122D416E95A0000BEDA1B /* HelpCommand.h */,
				819122D516E95A0000BEDA1B /* HelpCommand.m */,
				819122CE16E95A0000BEDA1B /* CommandWords.h */,
				819122CF16E95A0000BEDA1B /* CommandWords.m */,
				E7C7CD7016F0DDB700CB9292 /* LookCommand.h */,
				E7C7CD7116F0DDB700CB9292 /* LookCommand.m */,
				E7C7CD7316F0EF2C00CB9292 /* TakeCommand.h */,
				E7C7CD7416F0EF2C00CB9292 /* TakeCommand.m */,
				DFDA7AAF16F4CB7E00A03E30 /* SleepCommand.h */,
				DFDA7AB016F4CB7E00A03E30 /* SleepCommand.m */,
				E7C0303D16F1397A00BA85F0 /* UseCommand.h */,
				E7C0303E16F1397A00BA85F0 /* UseCommand.m */,
				107386E816F9022D005AD481 /* InventoryCommand.h */,
				107386E916F9022D005AD481 /* InventoryCommand.m */,
				DFDCA0CA16FA20D200A00272 /* XyzzyCommand.h */,
				DFDCA0CB16FA20D200A00272 /* XyzzyCommand.m */,
				DFDCA0CD16FA215900A00272 /* BackCommand.h */,
				DFDCA0CE16FA215900A00272 /* BackCommand.m */,
			);
			name = Commands;
			sourceTree = "<group>";
		};
		81AF890116E6AAC400276C6B = {
			isa = PBXGroup;
			children = (
				DF66EA6B170B7FE300E51C0F /* icon_128x128.png */,
				DF70A63E17063E5B0036EFD6 /* Sounds */,
				DF70A6381704EB410036EFD6 /* The Return.entitlements */,
				DF70A6391704EB9C0036EFD6 /* Images */,
				819122CA16E959A800BEDA1B /* GameClasses */,
				81AF891616E6AAC400276C6B /* GameBase */,
				81AF890F16E6AAC400276C6B /* Frameworks */,
				81AF890D16E6AAC400276C6B /* Products */,
			);
			sourceTree = "<group>";
		};
		81AF890D16E6AAC400276C6B /* Products */ = {
			isa = PBXGroup;
			children = (
				81AF890C16E6AAC400276C6B /* The Return.app */,
			);
			name = Products;
			sourceTree = "<group>";
		};
		81AF890F16E6AAC400276C6B /* Frameworks */ = {
			isa = PBXGroup;
			children = (
				81AF891016E6AAC400276C6B /* Cocoa.framework */,
				81AF891216E6AAC400276C6B /* Other Frameworks */,
			);
			name = Frameworks;
			sourceTree = "<group>";
		};
		81AF891216E6AAC400276C6B /* Other Frameworks */ = {
			isa = PBXGroup;
			children = (
				81AF891316E6AAC400276C6B /* AppKit.framework */,
				81AF891416E6AAC400276C6B /* CoreData.framework */,
				81AF891516E6AAC400276C6B /* Foundation.framework */,
			);
			name = "Other Frameworks";
			sourceTree = "<group>";
		};
		81AF891616E6AAC400276C6B /* GameBase */ = {
			isa = PBXGroup;
			children = (
				81AF892216E6AAC400276C6B /* AppDelegate.h */,
				81AF892316E6AAC400276C6B /* AppDelegate.m */,
				81AF892516E6AAC500276C6B /* MainMenu.xib */,
				81AF891716E6AAC400276C6B /* Supporting Files */,
			);
			name = GameBase;
			path = StarterGame;
			sourceTree = "<group>";
		};
		81AF891716E6AAC400276C6B /* Supporting Files */ = {
			isa = PBXGroup;
			children = (
				81AF891816E6AAC400276C6B /* The Return-Info.plist */,
				81AF891916E6AAC400276C6B /* InfoPlist.strings */,
				81AF891C16E6AAC400276C6B /* main.m */,
				81AF891E16E6AAC400276C6B /* The Return-Prefix.pch */,
				81AF891F16E6AAC400276C6B /* Credits.rtf */,
			);
			name = "Supporting Files";
			sourceTree = "<group>";
		};
		DF70A6391704EB9C0036EFD6 /* Images */ = {
			isa = PBXGroup;
			children = (
				DF70A6361704E2BA0036EFD6 /* return.iconset */,
				DF66EA6D170B80E700E51C0F /* cthulhu.iconset */,
				DFFF693F1701031200062936 /* 5GrungePaperBackground_banner_thumb02.jpg */,
			);
			name = Images;
			sourceTree = "<group>";
		};
		DF70A63E17063E5B0036EFD6 /* Sounds */ = {
			isa = PBXGroup;
			children = (
				DFE23E751709FAF2000B5017 /* wind.mp3 */,
				DF66EA5D170B6DE900E51C0F /* cave.mp3 */,
				DFE23E731709FAEC000B5017 /* creak.mp3 */,
				DF70A64017063E7D0036EFD6 /* dark.mp3 */,
				DFE23E79170A05AD000B5017 /* keys.mp3 */,
				DFE23E77170A050A000B5017 /* match.mp3 */,
				DFE23E7D170A1C32000B5017 /* coal.mp3 */,
				DF66EA61170B711D00E51C0F /* chop.mp3 */,
				DF66EA5F170B6F5200E51C0F /* locked.mp3 */,
				DF66EA63170B764B00E51C0F /* backpack.mp3 */,
				DF66EA65170B791600E51C0F /* backpack2.mp3 */,
				DFE23E7B170A1377000B5017 /* unlock.mp3 */,
				DF66EA67170B7BF900E51C0F /* drop1.mp3 */,
				DF66EA69170B7CD000E51C0F /* drop2.mp3 */,
			);
			name = Sounds;
			sourceTree = "<group>";
		};
/* End PBXGroup section */

/* Begin PBXNativeTarget section */
		81AF890B16E6AAC400276C6B /* The Return */ = {
			isa = PBXNativeTarget;
			buildConfigurationList = 81AF892A16E6AAC500276C6B /* Build configuration list for PBXNativeTarget "The Return" */;
			buildPhases = (
				81AF890816E6AAC400276C6B /* Sources */,
				81AF890916E6AAC400276C6B /* Frameworks */,
				81AF890A16E6AAC400276C6B /* Resources */,
			);
			buildRules = (
			);
			dependencies = (
			);
			name = "The Return";
			productName = StarterGame;
			productReference = 81AF890C16E6AAC400276C6B /* The Return.app */;
			productType = "com.apple.product-type.application";
		};
/* End PBXNativeTarget section */

/* Begin PBXProject section */
		81AF890316E6AAC400276C6B /* Project object */ = {
			isa = PBXProject;
			attributes = {
				LastUpgradeCheck = 0450;
				ORGANIZATIONNAME = "Ringtuple, Inc.";
			};
			buildConfigurationList = 81AF890616E6AAC400276C6B /* Build configuration list for PBXProject "The Return" */;
			compatibilityVersion = "Xcode 3.2";
			developmentRegion = English;
			hasScannedForEncodings = 0;
			knownRegions = (
				en,
			);
			mainGroup = 81AF890116E6AAC400276C6B;
			productRefGroup = 81AF890D16E6AAC400276C6B /* Products */;
			projectDirPath = "";
			projectRoot = "";
			targets = (
				81AF890B16E6AAC400276C6B /* The Return */,
			);
		};
/* End PBXProject section */

/* Begin PBXResourcesBuildPhase section */
		81AF890A16E6AAC400276C6B /* Resources */ = {
			isa = PBXResourcesBuildPhase;
			buildActionMask = 2147483647;
			files = (
				81AF891B16E6AAC400276C6B /* InfoPlist.strings in Resources */,
				81AF892116E6AAC400276C6B /* Credits.rtf in Resources */,
				81AF892716E6AAC500276C6B /* MainMenu.xib in Resources */,
				DFFF69401701031200062936 /* 5GrungePaperBackground_banner_thumb02.jpg in Resources */,
				DF70A6371704E2BA0036EFD6 /* return.iconset in Resources */,
				DF70A64117063E7D0036EFD6 /* dark.mp3 in Resources */,
				DFE23E741709FAEC000B5017 /* creak.mp3 in Resources */,
				DFE23E761709FAF2000B5017 /* wind.mp3 in Resources */,
				DFE23E78170A050A000B5017 /* match.mp3 in Resources */,
				DFE23E7A170A05AD000B5017 /* keys.mp3 in Resources */,
				DFE23E7C170A1377000B5017 /* unlock.mp3 in Resources */,
				DFE23E7E170A1C32000B5017 /* coal.mp3 in Resources */,
				DF66EA5E170B6DE900E51C0F /* cave.mp3 in Resources */,
				DF66EA60170B6F5200E51C0F /* locked.mp3 in Resources */,
				DF66EA62170B711D00E51C0F /* chop.mp3 in Resources */,
				DF66EA64170B764B00E51C0F /* backpack.mp3 in Resources */,
				DF66EA66170B791600E51C0F /* backpack2.mp3 in Resources */,
				DF66EA68170B7BF900E51C0F /* drop1.mp3 in Resources */,
				DF66EA6A170B7CD000E51C0F /* drop2.mp3 in Resources */,
				DF66EA6C170B7FE400E51C0F /* icon_128x128.png in Resources */,
				DF66EA6E170B80E700E51C0F /* cthulhu.iconset in Resources */,
			);
			runOnlyForDeploymentPostprocessing = 0;
		};
/* End PBXResourcesBuildPhase section */

/* Begin PBXSourcesBuildPhase section */
		81AF890816E6AAC400276C6B /* Sources */ = {
			isa = PBXSourcesBuildPhase;
			buildActionMask = 2147483647;
			files = (
				81AF891D16E6AAC400276C6B /* main.m in Sources */,
				81AF892416E6AAC400276C6B /* AppDelegate.m in Sources */,
				8197B18916E8DF80007F8845 /* GameIO.m in Sources */,
				819122DF16E95A0000BEDA1B /* Command.m in Sources */,
				819122E016E95A0000BEDA1B /* CommandWords.m in Sources */,
				819122E116E95A0000BEDA1B /* Game.m in Sources */,
				819122E216E95A0000BEDA1B /* GoCommand.m in Sources */,
				819122E316E95A0000BEDA1B /* HelpCommand.m in Sources */,
				819122E416E95A0000BEDA1B /* Parser.m in Sources */,
				819122E516E95A0000BEDA1B /* Player.m in Sources */,
				819122E616E95A0000BEDA1B /* QuitCommand.m in Sources */,
				819122E716E95A0000BEDA1B /* Room.m in Sources */,
				E7C7CD6E16F0DAD700CB9292 /* Item.m in Sources */,
				E7C7CD7216F0DDB700CB9292 /* LookCommand.m in Sources */,
				E7C7CD7516F0EF2C00CB9292 /* TakeCommand.m in Sources */,
				E7C0303F16F1397B00BA85F0 /* UseCommand.m in Sources */,
				DFDA7AB116F4CB7E00A03E30 /* SleepCommand.m in Sources */,
				DFA337AF16F534B100666817 /* DropCommand.m in Sources */,
				107386EA16F9022D005AD481 /* InventoryCommand.m in Sources */,
				DFDCA0CC16FA20D200A00272 /* XyzzyCommand.m in Sources */,
				DFDCA0CF16FA215900A00272 /* BackCommand.m in Sources */,
				DFE23E711709ED1C000B5017 /* SoundServer.m in Sources */,
			);
			runOnlyForDeploymentPostprocessing = 0;
		};
/* End PBXSourcesBuildPhase section */

/* Begin PBXVariantGroup section */
		81AF891916E6AAC400276C6B /* InfoPlist.strings */ = {
			isa = PBXVariantGroup;
			children = (
				81AF891A16E6AAC400276C6B /* en */,
			);
			name = InfoPlist.strings;
			sourceTree = "<group>";
		};
		81AF891F16E6AAC400276C6B /* Credits.rtf */ = {
			isa = PBXVariantGroup;
			children = (
				81AF892016E6AAC400276C6B /* en */,
			);
			name = Credits.rtf;
			sourceTree = "<group>";
		};
		81AF892516E6AAC500276C6B /* MainMenu.xib */ = {
			isa = PBXVariantGroup;
			children = (
				81AF892616E6AAC500276C6B /* en */,
			);
			name = MainMenu.xib;
			sourceTree = "<group>";
		};
/* End PBXVariantGroup section */

/* Begin XCBuildConfiguration section */
		81AF892816E6AAC500276C6B /* Debug */ = {
			isa = XCBuildConfiguration;
			buildSettings = {
				ALWAYS_SEARCH_USER_PATHS = NO;
				ARCHS = "$(ARCHS_STANDARD_64_BIT)";
				CLANG_CXX_LANGUAGE_STANDARD = "gnu++0x";
				CLANG_CXX_LIBRARY = "libc++";
				CLANG_WARN_EMPTY_BODY = YES;
				CLANG_WARN__DUPLICATE_METHOD_MATCH = YES;
				COPY_PHASE_STRIP = NO;
				GCC_C_LANGUAGE_STANDARD = gnu99;
				GCC_DYNAMIC_NO_PIC = NO;
				GCC_ENABLE_OBJC_EXCEPTIONS = YES;
				GCC_OPTIMIZATION_LEVEL = 0;
				GCC_PREPROCESSOR_DEFINITIONS = (
					"DEBUG=1",
					"$(inherited)",
				);
				GCC_SYMBOLS_PRIVATE_EXTERN = NO;
				GCC_WARN_64_TO_32_BIT_CONVERSION = YES;
				GCC_WARN_ABOUT_RETURN_TYPE = YES;
				GCC_WARN_UNINITIALIZED_AUTOS = YES;
				GCC_WARN_UNUSED_VARIABLE = YES;
				MACOSX_DEPLOYMENT_TARGET = 10.7;
				ONLY_ACTIVE_ARCH = YES;
				SDKROOT = macosx;
			};
			name = Debug;
		};
		81AF892916E6AAC500276C6B /* Release */ = {
			isa = XCBuildConfiguration;
			buildSettings = {
				ALWAYS_SEARCH_USER_PATHS = NO;
				ARCHS = "$(ARCHS_STANDARD_64_BIT)";
				CLANG_CXX_LANGUAGE_STANDARD = "gnu++0x";
				CLANG_CXX_LIBRARY = "libc++";
				CLANG_WARN_EMPTY_BODY = YES;
				CLANG_WARN__DUPLICATE_METHOD_MATCH = YES;
				COPY_PHASE_STRIP = YES;
				DEBUG_INFORMATION_FORMAT = "dwarf-with-dsym";
				GCC_C_LANGUAGE_STANDARD = gnu99;
				GCC_ENABLE_OBJC_EXCEPTIONS = YES;
				GCC_WARN_64_TO_32_BIT_CONVERSION = YES;
				GCC_WARN_ABOUT_RETURN_TYPE = YES;
				GCC_WARN_UNINITIALIZED_AUTOS = YES;
				GCC_WARN_UNUSED_VARIABLE = YES;
				MACOSX_DEPLOYMENT_TARGET = 10.7;
				SDKROOT = macosx;
			};
			name = Release;
		};
		81AF892B16E6AAC500276C6B /* Debug */ = {
			isa = XCBuildConfiguration;
			buildSettings = {
				CODE_SIGN_ENTITLEMENTS = "The Return.entitlements";
				COMBINE_HIDPI_IMAGES = YES;
				GCC_PRECOMPILE_PREFIX_HEADER = YES;
				GCC_PREFIX_HEADER = "StarterGame/The Return-Prefix.pch";
				INFOPLIST_FILE = "StarterGame/The Return-Info.plist";
				PRODUCT_NAME = "The Return";
				WRAPPER_EXTENSION = app;
			};
			name = Debug;
		};
		81AF892C16E6AAC500276C6B /* Release */ = {
			isa = XCBuildConfiguration;
			buildSettings = {
				CODE_SIGN_ENTITLEMENTS = "The Return.entitlements";
				COMBINE_HIDPI_IMAGES = YES;
				GCC_PRECOMPILE_PREFIX_HEADER = YES;
				GCC_PREFIX_HEADER = "StarterGame/The Return-Prefix.pch";
				INFOPLIST_FILE = "StarterGame/The Return-Info.plist";
				PRODUCT_NAME = "The Return";
				WRAPPER_EXTENSION = app;
			};
			name = Release;
		};
/* End XCBuildConfiguration section */

/* Begin XCConfigurationList section */
		81AF890616E6AAC400276C6B /* Build configuration list for PBXProject "The Return" */ = {
			isa = XCConfigurationList;
			buildConfigurations = (
				81AF892816E6AAC500276C6B /* Debug */,
				81AF892916E6AAC500276C6B /* Release */,
			);
			defaultConfigurationIsVisible = 0;
			defaultConfigurationName = Release;
		};
		81AF892A16E6AAC500276C6B /* Build configuration list for PBXNativeTarget "The Return" */ = {
			isa = XCConfigurationList;
			buildConfigurations = (
				81AF892B16E6AAC500276C6B /* Debug */,
				81AF892C16E6AAC500276C6B /* Release */,
			);
			defaultConfigurationIsVisible = 0;
			defaultConfigurationName = Release;
		};
/* End XCConfigurationList section */
	};
	rootObject = 81AF890316E6AAC400276C6B /* Project object */;
}
